{
  "nodes": {
    "evmc-master": {
      "inputs": {
        "flakeNimbleLib": [
          "flakeNimbleLib"
        ],
        "nixpkgs": [
          "nixpkgs"
        ],
        "src-evmc-master": "src-evmc-master",
        "stew": "stew"
      },
      "locked": {
        "dir": "master",
        "lastModified": 1662732585,
        "narHash": "sha256-fa5KFNBXyB9zqjfQ07OvGWkvLXD9tLLSHEv6b1rBdTo=",
        "owner": "nim-nix-pkgs",
        "repo": "evmc",
        "rev": "9fe3839a392c66a02c5fe1292ba301979d28a992",
        "type": "github"
      },
      "original": {
        "dir": "master",
        "owner": "nim-nix-pkgs",
        "ref": "master",
        "repo": "evmc",
        "type": "github"
      }
    },
    "flakeNimbleLib": {
      "inputs": {
        "nixpkgs": [
          "nixpkgs"
        ]
      },
      "locked": {
        "lastModified": 1662018438,
        "narHash": "sha256-QtNtU6+LX3Wokxf0zlFwKTFOcn6TeDjKQZ+DA9OYtvM=",
        "owner": "riinr",
        "repo": "nim-flakes-lib",
        "rev": "b1fe8340736e3a85d25c709ac3dfd82a55c03cbf",
        "type": "github"
      },
      "original": {
        "owner": "riinr",
        "ref": "master",
        "repo": "nim-flakes-lib",
        "type": "github"
      }
    },
    "nixpkgs": {
      "locked": {
        "lastModified": 1667110639,
        "narHash": "sha256-4FbPESZ5LbqQxkJJJBAfk/zKgF9h/4kyUwjjpJwYlbc=",
        "owner": "NixOS",
        "repo": "nixpkgs",
        "rev": "f38a1f04d1bec1feb61fd101a0539ae2002a7087",
        "type": "github"
      },
      "original": {
        "id": "nixpkgs",
        "type": "indirect"
      }
    },
    "root": {
      "inputs": {
        "evmc-master": "evmc-master",
        "flakeNimbleLib": "flakeNimbleLib",
        "nixpkgs": "nixpkgs"
      }
    },
    "src-evmc-master": {
      "flake": false,
      "locked": {
        "lastModified": 1649384290,
        "narHash": "sha256-/nuo0kLPXfJA+9gYJMCdbbkPlN68kMQbM114LtP9KvY=",
        "owner": "status-im",
        "repo": "nim-evmc",
        "rev": "7334c7f57dd2c5a4d3cf0a3f257a915083f9d7f6",
        "type": "github"
      },
      "original": {
        "owner": "status-im",
        "ref": "refs/heads/master",
        "repo": "nim-evmc",
        "type": "github"
      }
    },
    "src-stew-master": {
      "flake": false,
      "locked": {
        "lastModified": 1660856247,
        "narHash": "sha256-zzvwBqjxlofblDarxy8sPqJU13FbSaYA4L5jUOu8uNs=",
        "owner": "status-im",
        "repo": "nim-stew",
        "rev": "018760954a1530b7336aed7133393908875d860f",
        "type": "github"
      },
      "original": {
        "owner": "status-im",
        "ref": "refs/heads/master",
        "repo": "nim-stew",
        "type": "github"
      }
    },
    "stew": {
      "inputs": {
        "flakeNimbleLib": [
          "evmc-master",
          "flakeNimbleLib"
        ],
        "nixpkgs": [
          "evmc-master",
          "nixpkgs"
        ],
        "src-stew-master": "src-stew-master"
      },
      "locked": {
        "dir": "master",
        "lastModified": 1662003069,
        "narHash": "sha256-3hprCN7zRlicWdz8r5ww+2T5R3vF1N8GKRFVPXvs+pM=",
        "owner": "nim-nix-pkgs",
        "repo": "stew",
        "rev": "f53ba6924022686590b7d2104b47a938c68aa90d",
        "type": "github"
      },
      "original": {
        "dir": "master",
        "owner": "nim-nix-pkgs",
        "ref": "master",
        "repo": "stew",
        "type": "github"
      }
    }
  },
  "root": "root",
  "version": 7
}
